github.com/spf13/cast v1.5.0 h1:rj3WzYc11XZaIZMPKmwP96zkFEnnAmV8s6XbB2aY32w=
github.com/spf13/cast v1.5.0/go.mod h1:SpXXQ5YoyJw6s3/6cMTQuxvgRl3PCJiyaX9p6b155UU=
golang.org/x/exp v0.0.0-20220516143420-24438e51023a h1:tiLLxEjKNE6Hrah/Dp/cyHvsyjDLcMFSocOHO5XDmOM=
golang.org/x/exp v0.0.0-20220516143420-24438e51023a/go.mod h1:lgLbSvA5ygNOMpwM/9anMpWVlVJ7Z+cHWq/eFuinpGE=
